<?xml version="1.0" encoding="utf-8"?>
<Project ToolsVersion="4.0" xmlns="http://schemas.microsoft.com/developer/msbuild/2003">
  <ItemGroup>
    <Filter Include="ソース ファイル">
      <UniqueIdentifier>{4FC737F1-C7A5-4376-A066-2A32D752A2FF}</UniqueIdentifier>
      <Extensions>cpp;c;cc;cxx;def;odl;idl;hpj;bat;asm;asmx</Extensions>
    </Filter>
    <Filter Include="ヘッダー ファイル">
      <UniqueIdentifier>{93995380-89BD-4b04-88EB-625FBE52EBFB}</UniqueIdentifier>
      <Extensions>h;hh;hpp;hxx;hm;inl;inc;ipp;xsd</Extensions>
    </Filter>
    <Filter Include="リソース ファイル">
      <UniqueIdentifier>{67DA6AB6-F800-4c08-8B7A-83BB121AAD01}</UniqueIdentifier>
      <Extensions>rc;ico;cur;bmp;dlg;rc2;rct;bin;rgs;gif;jpg;jpeg;jpe;resx;tiff;tif;png;wav;mfcribbon-ms</Extensions>
    </Filter>
  </ItemGroup>
  <ItemGroup>
    <ClInclude Include="stdafx.h">
      <Filter>ヘッダー ファイル</Filter>
    </ClInclude>
    <ClInclude Include="strconv.h">
      <Filter>ヘッダー ファイル</Filter>
    </ClInclude>
    <ClInclude Include="resource.h">
      <Filter>ヘッダー ファイル</Filter>
    </ClInclude>
    <ClInclude Include="..\discord-game-sdk\achievement_manager.h">
      <Filter>ヘッダー ファイル</Filter>
    </ClInclude>
    <ClInclude Include="..\discord-game-sdk\activity_manager.h">
      <Filter>ヘッダー ファイル</Filter>
    </ClInclude>
    <ClInclude Include="..\discord-game-sdk\application_manager.h">
      <Filter>ヘッダー ファイル</Filter>
    </ClInclude>
    <ClInclude Include="..\discord-game-sdk\core.h">
      <Filter>ヘッダー ファイル</Filter>
    </ClInclude>
    <ClInclude Include="..\discord-game-sdk\discord.h">
      <Filter>ヘッダー ファイル</Filter>
    </ClInclude>
    <ClInclude Include="..\discord-game-sdk\event.h">
      <Filter>ヘッダー ファイル</Filter>
    </ClInclude>
    <ClInclude Include="..\discord-game-sdk\ffi.h">
      <Filter>ヘッダー ファイル</Filter>
    </ClInclude>
    <ClInclude Include="..\discord-game-sdk\image_manager.h">
      <Filter>ヘッダー ファイル</Filter>
    </ClInclude>
    <ClInclude Include="..\discord-game-sdk\lobby_manager.h">
      <Filter>ヘッダー ファイル</Filter>
    </ClInclude>
    <ClInclude Include="..\discord-game-sdk\network_manager.h">
      <Filter>ヘッダー ファイル</Filter>
    </ClInclude>
    <ClInclude Include="..\discord-game-sdk\overlay_manager.h">
      <Filter>ヘッダー ファイル</Filter>
    </ClInclude>
    <ClInclude Include="..\discord-game-sdk\relationship_manager.h">
      <Filter>ヘッダー ファイル</Filter>
    </ClInclude>
    <ClInclude Include="..\discord-game-sdk\storage_manager.h">
      <Filter>ヘッダー ファイル</Filter>
    </ClInclude>
    <ClInclude Include="..\discord-game-sdk\store_manager.h">
      <Filter>ヘッダー ファイル</Filter>
    </ClInclude>
    <ClInclude Include="..\discord-game-sdk\types.h">
      <Filter>ヘッダー ファイル</Filter>
    </ClInclude>
    <ClInclude Include="..\discord-game-sdk\user_manager.h">
      <Filter>ヘッダー ファイル</Filter>
    </ClInclude>
    <ClInclude Include="..\discord-game-sdk\voice_manager.h">
      <Filter>ヘッダー ファイル</Filter>
    </ClInclude>
    <ClInclude Include="TVTestPlugin.h">
      <Filter>ヘッダー ファイル</Filter>
    </ClInclude>
  </ItemGroup>
  <ItemGroup>
    <ClCompile Include="TvTestRPC.cpp">
      <Filter>ソース ファイル</Filter>
    </ClCompile>
    <ClCompile Include="..\discord-game-sdk\achievement_manager.cpp">
      <Filter>ソース ファイル</Filter>
    </ClCompile>
    <ClCompile Include="..\discord-game-sdk\activity_manager.cpp">
      <Filter>ソース ファイル</Filter>
    </ClCompile>
    <ClCompile Include="..\discord-game-sdk\application_manager.cpp">
      <Filter>ソース ファイル</Filter>
    </ClCompile>
    <ClCompile Include="..\discord-game-sdk\core.cpp">
      <Filter>ソース ファイル</Filter>
    </ClCompile>
    <ClCompile Include="..\discord-game-sdk\image_manager.cpp">
      <Filter>ソース ファイル</Filter>
    </ClCompile>
    <ClCompile Include="..\discord-game-sdk\lobby_manager.cpp">
      <Filter>ソース ファイル</Filter>
    </ClCompile>
    <ClCompile Include="..\discord-game-sdk\network_manager.cpp">
      <Filter>ソース ファイル</Filter>
    </ClCompile>
    <ClCompile Include="..\discord-game-sdk\overlay_manager.cpp">
      <Filter>ソース ファイル</Filter>
    </ClCompile>
    <ClCompile Include="..\discord-game-sdk\relationship_manager.cpp">
      <Filter>ソース ファイル</Filter>
    </ClCompile>
    <ClCompile Include="..\discord-game-sdk\storage_manager.cpp">
      <Filter>ソース ファイル</Filter>
    </ClCompile>
    <ClCompile Include="..\discord-game-sdk\store_manager.cpp">
      <Filter>ソース ファイル</Filter>
    </ClCompile>
    <ClCompile Include="..\discord-game-sdk\types.cpp">
      <Filter>ソース ファイル</Filter>
    </ClCompile>
    <ClCompile Include="..\discord-game-sdk\user_manager.cpp">
      <Filter>ソース ファイル</Filter>
    </ClCompile>
    <ClCompile Include="..\discord-game-sdk\voice_manager.cpp">
      <Filter>ソース ファイル</Filter>
    </ClCompile>
  </ItemGroup>
  <ItemGroup>
    <ResourceCompile Include="TvTestRPC.rc">
      <Filter>リソース ファイル</Filter>
    </ResourceCompile>
  </ItemGroup>
  <ItemGroup>
    <None Include="Exports.def">
      <Filter>ソース ファイル</Filter>
    </None>
  </ItemGroup>
</Project>